
Microsoft Visual Studio Solution File, Format Version 12.00
# Visual Studio Version 16
VisualStudioVersion = 16.0.30406.217
MinimumVisualStudioVersion = 10.0.40219.1
Project("{FAE04EC0-301F-11D3-BF4B-00C04F79EFBC}") = "WindowsFormsApp1", "WindowsFormsApp1\WindowsFormsApp1.csproj", "{085960FC-1487-4879-91A2-F2DBF203A882}"
EndProject
Global
	GlobalSection(SolutionConfigurationPlatforms) = preSolution
		Debug|Any CPU = Debug|Any CPU
		Release|Any CPU = Release|Any CPU
	EndGlobalSection
	GlobalSection(ProjectConfigurationPlatforms) = postSolution
		{085960FC-1487-4879-91A2-F2DBF203A882}.Debug|Any CPU.ActiveCfg = Debug|Any CPU
		{085960FC-1487-4879-91A2-F2DBF203A882}.Debug|Any CPU.Build.0 = Debug|Any CPU
		{085960FC-1487-4879-91A2-F2DBF203A882}.Release|Any CPU.ActiveCfg = Release|Any CPU
		{085960FC-1487-4879-91A2-F2DBF203A882}.Release|Any CPU.Build.0 = Release|Any CPU
	EndGlobalSection
	GlobalSection(SolutionProperties) = preSolution
		HideSolutionNode = FALSE
	EndGlobalSection
	GlobalSection(ExtensibilityGlobals) = postSolution
		SolutionGuid = {C88E2BD9-4517-4C15-85FD-771D46B08D7F}
	EndGlobalSection
EndGlobal
